
Microsoft Visual Studio Solution File, Format Version 12.00
# Visual Studio 15
VisualStudioVersion = 15.0.27130.2027
MinimumVisualStudioVersion = 10.0.40219.1
Project("{9A19103F-16F7-4668-BE54-9A1E7A4F7556}") = "NetCoreApp", "NetCoreApp\NetCoreApp.csproj", "{2460CF38-D950-44E0-8DA6-3C67537FDC35}"
EndProject
Project("{9A19103F-16F7-4668-BE54-9A1E7A4F7556}") = "Database", "Database\Database.csproj", "{59D375DA-619D-4063-98DC-8F32BE5E7F4B}"
EndProject
Project("{FAE04EC0-301F-11D3-BF4B-00C04F79EFBC}") = "UwpApp", "UwpApp\UwpApp.csproj", "{E227C8E2-7641-49EB-B170-C758C6A92EBF}"
EndProject
Project("{FAE04EC0-301F-11D3-BF4B-00C04F79EFBC}") = "XamarinApp.Android", "XamarinApp\XamarinApp.Android\XamarinApp.Android.csproj", "{1AEF05F3-709A-4244-AF4E-75BF74602E24}"
EndProject
Project("{FAE04EC0-301F-11D3-BF4B-00C04F79EFBC}") = "XamarinApp.iOS", "XamarinApp\XamarinApp.iOS\XamarinApp.iOS.csproj", "{52009EDD-A006-4356-8B75-8EA7F6E1C90D}"
EndProject
Project("{FAE04EC0-301F-11D3-BF4B-00C04F79EFBC}") = "XamarinApp", "XamarinApp\XamarinApp\XamarinApp.csproj", "{EC932E4D-EAF7-4C9F-BF6B-07AAACE3026F}"
EndProject
Project("{2150E333-8FDC-42A3-9474-1A3956D46DE8}") = "Xamarin", "Xamarin", "{4BAFF62B-F018-4E87-B2DE-667F840FA093}"
EndProject
Global
	GlobalSection(SolutionConfigurationPlatforms) = preSolution
		Ad-Hoc|Any CPU = Ad-Hoc|Any CPU
		Ad-Hoc|ARM = Ad-Hoc|ARM
		Ad-Hoc|iPhone = Ad-Hoc|iPhone
		Ad-Hoc|iPhoneSimulator = Ad-Hoc|iPhoneSimulator
		Ad-Hoc|x64 = Ad-Hoc|x64
		Ad-Hoc|x86 = Ad-Hoc|x86
		AppStore|Any CPU = AppStore|Any CPU
		AppStore|ARM = AppStore|ARM
		AppStore|iPhone = AppStore|iPhone
		AppStore|iPhoneSimulator = AppStore|iPhoneSimulator
		AppStore|x64 = AppStore|x64
		AppStore|x86 = AppStore|x86
		Debug|Any CPU = Debug|Any CPU
		Debug|ARM = Debug|ARM
		Debug|iPhone = Debug|iPhone
		Debug|iPhoneSimulator = Debug|iPhoneSimulator
		Debug|x64 = Debug|x64
		Debug|x86 = Debug|x86
		Release|Any CPU = Release|Any CPU
		Release|ARM = Release|ARM
		Release|iPhone = Release|iPhone
		Release|iPhoneSimulator = Release|iPhoneSimulator
		Release|x64 = Release|x64
		Release|x86 = Release|x86
	EndGlobalSection
	GlobalSection(ProjectConfigurationPlatforms) = postSolution
		{2460CF38-D950-44E0-8DA6-3C67537FDC35}.Ad-Hoc|Any CPU.ActiveCfg = Release|Any CPU
		{2460CF38-D950-44E0-8DA6-3C67537FDC35}.Ad-Hoc|Any CPU.Build.0 = Release|Any CPU
		{2460CF38-D950-44E0-8DA6-3C67537FDC35}.Ad-Hoc|ARM.ActiveCfg = Release|Any CPU
		{2460CF38-D950-44E0-8DA6-3C67537FDC35}.Ad-Hoc|ARM.Build.0 = Release|Any CPU
		{2460CF38-D950-44E0-8DA6-3C67537FDC35}.Ad-Hoc|iPhone.ActiveCfg = Release|Any CPU
		{2460CF38-D950-44E0-8DA6-3C67537FDC35}.Ad-Hoc|iPhone.Build.0 = Release|Any CPU
		{2460CF38-D950-44E0-8DA6-3C67537FDC35}.Ad-Hoc|iPhoneSimulator.ActiveCfg = Release|Any CPU
		{2460CF38-D950-44E0-8DA6-3C67537FDC35}.Ad-Hoc|iPhoneSimulator.Build.0 = Release|Any CPU
		{2460CF38-D950-44E0-8DA6-3C67537FDC35}.Ad-Hoc|x64.ActiveCfg = Release|Any CPU
		{2460CF38-D950-44E0-8DA6-3C67537FDC35}.Ad-Hoc|x64.Build.0 = Release|Any CPU
		{2460CF38-D950-44E0-8DA6-3C67537FDC35}.Ad-Hoc|x86.ActiveCfg = Release|Any CPU
		{2460CF38-D950-44E0-8DA6-3C67537FDC35}.Ad-Hoc|x86.Build.0 = Release|Any CPU
		{2460CF38-D950-44E0-8DA6-3C67537FDC35}.AppStore|Any CPU.ActiveCfg = Release|Any CPU
		{2460CF38-D950-44E0-8DA6-3C67537FDC35}.AppStore|Any CPU.Build.0 = Release|Any CPU
		{2460CF38-D950-44E0-8DA6-3C67537FDC35}.AppStore|ARM.ActiveCfg = Release|Any CPU
		{2460CF38-D950-44E0-8DA6-3C67537FDC35}.AppStore|ARM.Build.0 = Release|Any CPU
		{2460CF38-D950-44E0-8DA6-3C67537FDC35}.AppStore|iPhone.ActiveCfg = Release|Any CPU
		{2460CF38-D950-44E0-8DA6-3C67537FDC35}.AppStore|iPhone.Build.0 = Release|Any CPU
		{2460CF38-D950-44E0-8DA6-3C67537FDC35}.AppStore|iPhoneSimulator.ActiveCfg = Release|Any CPU
		{2460CF38-D950-44E0-8DA6-3C67537FDC35}.AppStore|iPhoneSimulator.Build.0 = Release|Any CPU
		{2460CF38-D950-44E0-8DA6-3C67537FDC35}.AppStore|x64.ActiveCfg = Release|Any CPU
		{2460CF38-D950-44E0-8DA6-3C67537FDC35}.AppStore|x64.Build.0 = Release|Any CPU
		{2460CF38-D950-44E0-8DA6-3C67537FDC35}.AppStore|x86.ActiveCfg = Release|Any CPU
		{2460CF38-D950-44E0-8DA6-3C67537FDC35}.AppStore|x86.Build.0 = Release|Any CPU
		{2460CF38-D950-44E0-8DA6-3C67537FDC35}.Debug|Any CPU.ActiveCfg = Debug|Any CPU
		{2460CF38-D950-44E0-8DA6-3C67537FDC35}.Debug|Any CPU.Build.0 = Debug|Any CPU
		{2460CF38-D950-44E0-8DA6-3C67537FDC35}.Debug|ARM.ActiveCfg = Debug|Any CPU
		{2460CF38-D950-44E0-8DA6-3C67537FDC35}.Debug|ARM.Build.0 = Debug|Any CPU
		{2460CF38-D950-44E0-8DA6-3C67537FDC35}.Debug|iPhone.ActiveCfg = Debug|Any CPU
		{2460CF38-D950-44E0-8DA6-3C67537FDC35}.Debug|iPhone.Build.0 = Debug|Any CPU
		{2460CF38-D950-44E0-8DA6-3C67537FDC35}.Debug|iPhoneSimulator.ActiveCfg = Debug|Any CPU
		{2460CF38-D950-44E0-8DA6-3C67537FDC35}.Debug|iPhoneSimulator.Build.0 = Debug|Any CPU
		{2460CF38-D950-44E0-8DA6-3C67537FDC35}.Debug|x64.ActiveCfg = Debug|Any CPU
		{2460CF38-D950-44E0-8DA6-3C67537FDC35}.Debug|x64.Build.0 = Debug|Any CPU
		{2460CF38-D950-44E0-8DA6-3C67537FDC35}.Debug|x86.ActiveCfg = Debug|Any CPU
		{2460CF38-D950-44E0-8DA6-3C67537FDC35}.Debug|x86.Build.0 = Debug|Any CPU
		{2460CF38-D950-44E0-8DA6-3C67537FDC35}.Release|Any CPU.ActiveCfg = Release|Any CPU
		{2460CF38-D950-44E0-8DA6-3C67537FDC35}.Release|Any CPU.Build.0 = Release|Any CPU
		{2460CF38-D950-44E0-8DA6-3C67537FDC35}.Release|ARM.ActiveCfg = Release|Any CPU
		{2460CF38-D950-44E0-8DA6-3C67537FDC35}.Release|ARM.Build.0 = Release|Any CPU
		{2460CF38-D950-44E0-8DA6-3C67537FDC35}.Release|iPhone.ActiveCfg = Release|Any CPU
		{2460CF38-D950-44E0-8DA6-3C67537FDC35}.Release|iPhone.Build.0 = Release|Any CPU
		{2460CF38-D950-44E0-8DA6-3C67537FDC35}.Release|iPhoneSimulator.ActiveCfg = Release|Any CPU
		{2460CF38-D950-44E0-8DA6-3C67537FDC35}.Release|iPhoneSimulator.Build.0 = Release|Any CPU
		{2460CF38-D950-44E0-8DA6-3C67537FDC35}.Release|x64.ActiveCfg = Release|Any CPU
		{2460CF38-D950-44E0-8DA6-3C67537FDC35}.Release|x64.Build.0 = Release|Any CPU
		{2460CF38-D950-44E0-8DA6-3C67537FDC35}.Release|x86.ActiveCfg = Release|Any CPU
		{2460CF38-D950-44E0-8DA6-3C67537FDC35}.Release|x86.Build.0 = Release|Any CPU
		{59D375DA-619D-4063-98DC-8F32BE5E7F4B}.Ad-Hoc|Any CPU.ActiveCfg = Release|Any CPU
		{59D375DA-619D-4063-98DC-8F32BE5E7F4B}.Ad-Hoc|Any CPU.Build.0 = Release|Any CPU
		{59D375DA-619D-4063-98DC-8F32BE5E7F4B}.Ad-Hoc|ARM.ActiveCfg = Release|Any CPU
		{59D375DA-619D-4063-98DC-8F32BE5E7F4B}.Ad-Hoc|ARM.Build.0 = Release|Any CPU
		{59D375DA-619D-4063-98DC-8F32BE5E7F4B}.Ad-Hoc|iPhone.ActiveCfg = Release|Any CPU
		{59D375DA-619D-4063-98DC-8F32BE5E7F4B}.Ad-Hoc|iPhone.Build.0 = Release|Any CPU
		{59D375DA-619D-4063-98DC-8F32BE5E7F4B}.Ad-Hoc|iPhoneSimulator.ActiveCfg = Release|Any CPU
		{59D375DA-619D-4063-98DC-8F32BE5E7F4B}.Ad-Hoc|iPhoneSimulator.Build.0 = Release|Any CPU
		{59D375DA-619D-4063-98DC-8F32BE5E7F4B}.Ad-Hoc|x64.ActiveCfg = Release|Any CPU
		{59D375DA-619D-4063-98DC-8F32BE5E7F4B}.Ad-Hoc|x64.Build.0 = Release|Any CPU
		{59D375DA-619D-4063-98DC-8F32BE5E7F4B}.Ad-Hoc|x86.ActiveCfg = Release|Any CPU
		{59D375DA-619D-4063-98DC-8F32BE5E7F4B}.Ad-Hoc|x86.Build.0 = Release|Any CPU
		{59D375DA-619D-4063-98DC-8F32BE5E7F4B}.AppStore|Any CPU.ActiveCfg = Release|Any CPU
		{59D375DA-619D-4063-98DC-8F32BE5E7F4B}.AppStore|Any CPU.Build.0 = Release|Any CPU
		{59D375DA-619D-4063-98DC-8F32BE5E7F4B}.AppStore|ARM.ActiveCfg = Release|Any CPU
		{59D375DA-619D-4063-98DC-8F32BE5E7F4B}.AppStore|ARM.Build.0 = Release|Any CPU
		{59D375DA-619D-4063-98DC-8F32BE5E7F4B}.AppStore|iPhone.ActiveCfg = Release|Any CPU
		{59D375DA-619D-4063-98DC-8F32BE5E7F4B}.AppStore|iPhone.Build.0 = Release|Any CPU
		{59D375DA-619D-4063-98DC-8F32BE5E7F4B}.AppStore|iPhoneSimulator.ActiveCfg = Release|Any CPU
		{59D375DA-619D-4063-98DC-8F32BE5E7F4B}.AppStore|iPhoneSimulator.Build.0 = Release|Any CPU
		{59D375DA-619D-4063-98DC-8F32BE5E7F4B}.AppStore|x64.ActiveCfg = Release|Any CPU
		{59D375DA-619D-4063-98DC-8F32BE5E7F4B}.AppStore|x64.Build.0 = Release|Any CPU
		{59D375DA-619D-4063-98DC-8F32BE5E7F4B}.AppStore|x86.ActiveCfg = Release|Any CPU
		{59D375DA-619D-4063-98DC-8F32BE5E7F4B}.AppStore|x86.Build.0 = Release|Any CPU
		{59D375DA-619D-4063-98DC-8F32BE5E7F4B}.Debug|Any CPU.ActiveCfg = Debug|Any CPU
		{59D375DA-619D-4063-98DC-8F32BE5E7F4B}.Debug|Any CPU.Build.0 = Debug|Any CPU
		{59D375DA-619D-4063-98DC-8F32BE5E7F4B}.Debug|ARM.ActiveCfg = Debug|Any CPU
		{59D375DA-619D-4063-98DC-8F32BE5E7F4B}.Debug|ARM.Build.0 = Debug|Any CPU
		{59D375DA-619D-4063-98DC-8F32BE5E7F4B}.Debug|iPhone.ActiveCfg = Debug|Any CPU
		{59D375DA-619D-4063-98DC-8F32BE5E7F4B}.Debug|iPhone.Build.0 = Debug|Any CPU
		{59D375DA-619D-4063-98DC-8F32BE5E7F4B}.Debug|iPhoneSimulator.ActiveCfg = Debug|Any CPU
		{59D375DA-619D-4063-98DC-8F32BE5E7F4B}.Debug|iPhoneSimulator.Build.0 = Debug|Any CPU
		{59D375DA-619D-4063-98DC-8F32BE5E7F4B}.Debug|x64.ActiveCfg = Debug|Any CPU
		{59D375DA-619D-4063-98DC-8F32BE5E7F4B}.Debug|x64.Build.0 = Debug|Any CPU
		{59D375DA-619D-4063-98DC-8F32BE5E7F4B}.Debug|x86.ActiveCfg = Debug|Any CPU
		{59D375DA-619D-4063-98DC-8F32BE5E7F4B}.Debug|x86.Build.0 = Debug|Any CPU
		{59D375DA-619D-4063-98DC-8F32BE5E7F4B}.Release|Any CPU.ActiveCfg = Release|Any CPU
		{59D375DA-619D-4063-98DC-8F32BE5E7F4B}.Release|Any CPU.Build.0 = Release|Any CPU
		{59D375DA-619D-4063-98DC-8F32BE5E7F4B}.Release|ARM.ActiveCfg = Release|Any CPU
		{59D375DA-619D-4063-98DC-8F32BE5E7F4B}.Release|ARM.Build.0 = Release|Any CPU
		{59D375DA-619D-4063-98DC-8F32BE5E7F4B}.Release|iPhone.ActiveCfg = Release|Any CPU
		{59D375DA-619D-4063-98DC-8F32BE5E7F4B}.Release|iPhone.Build.0 = Release|Any CPU
		{59D375DA-619D-4063-98DC-8F32BE5E7F4B}.Release|iPhoneSimulator.ActiveCfg = Release|Any CPU
		{59D375DA-619D-4063-98DC-8F32BE5E7F4B}.Release|iPhoneSimulator.Build.0 = Release|Any CPU
		{59D375DA-619D-4063-98DC-8F32BE5E7F4B}.Release|x64.ActiveCfg = Release|Any CPU
		{59D375DA-619D-4063-98DC-8F32BE5E7F4B}.Release|x64.Build.0 = Release|Any CPU
		{59D375DA-619D-4063-98DC-8F32BE5E7F4B}.Release|x86.ActiveCfg = Release|Any CPU
		{59D375DA-619D-4063-98DC-8F32BE5E7F4B}.Release|x86.Build.0 = Release|Any CPU
		{E227C8E2-7641-49EB-B170-C758C6A92EBF}.Ad-Hoc|Any CPU.ActiveCfg = Release|x64
		{E227C8E2-7641-49EB-B170-C758C6A92EBF}.Ad-Hoc|Any CPU.Build.0 = Release|x64
		{E227C8E2-7641-49EB-B170-C758C6A92EBF}.Ad-Hoc|Any CPU.Deploy.0 = Release|x64
		{E227C8E2-7641-49EB-B170-C758C6A92EBF}.Ad-Hoc|ARM.ActiveCfg = Release|ARM
		{E227C8E2-7641-49EB-B170-C758C6A92EBF}.Ad-Hoc|ARM.Build.0 = Release|ARM
		{E227C8E2-7641-49EB-B170-C758C6A92EBF}.Ad-Hoc|ARM.Deploy.0 = Release|ARM
		{E227C8E2-7641-49EB-B170-C758C6A92EBF}.Ad-Hoc|iPhone.ActiveCfg = Release|x64
		{E227C8E2-7641-49EB-B170-C758C6A92EBF}.Ad-Hoc|iPhone.Build.0 = Release|x64
		{E227C8E2-7641-49EB-B170-C758C6A92EBF}.Ad-Hoc|iPhone.Deploy.0 = Release|x64
		{E227C8E2-7641-49EB-B170-C758C6A92EBF}.Ad-Hoc|iPhoneSimulator.ActiveCfg = Release|x64
		{E227C8E2-7641-49EB-B170-C758C6A92EBF}.Ad-Hoc|iPhoneSimulator.Build.0 = Release|x64
		{E227C8E2-7641-49EB-B170-C758C6A92EBF}.Ad-Hoc|iPhoneSimulator.Deploy.0 = Release|x64
		{E227C8E2-7641-49EB-B170-C758C6A92EBF}.Ad-Hoc|x64.ActiveCfg = Release|x64
		{E227C8E2-7641-49EB-B170-C758C6A92EBF}.Ad-Hoc|x64.Build.0 = Release|x64
		{E227C8E2-7641-49EB-B170-C758C6A92EBF}.Ad-Hoc|x64.Deploy.0 = Release|x64
		{E227C8E2-7641-49EB-B170-C758C6A92EBF}.Ad-Hoc|x86.ActiveCfg = Release|x86
		{E227C8E2-7641-49EB-B170-C758C6A92EBF}.Ad-Hoc|x86.Build.0 = Release|x86
		{E227C8E2-7641-49EB-B170-C758C6A92EBF}.Ad-Hoc|x86.Deploy.0 = Release|x86
		{E227C8E2-7641-49EB-B170-C758C6A92EBF}.AppStore|Any CPU.ActiveCfg = Release|x64
		{E227C8E2-7641-49EB-B170-C758C6A92EBF}.AppStore|Any CPU.Build.0 = Release|x64
		{E227C8E2-7641-49EB-B170-C758C6A92EBF}.AppStore|Any CPU.Deploy.0 = Release|x64
		{E227C8E2-7641-49EB-B170-C758C6A92EBF}.AppStore|ARM.ActiveCfg = Release|ARM
		{E227C8E2-7641-49EB-B170-C758C6A92EBF}.AppStore|ARM.Build.0 = Release|ARM
		{E227C8E2-7641-49EB-B170-C758C6A92EBF}.AppStore|ARM.Deploy.0 = Release|ARM
		{E227C8E2-7641-49EB-B170-C758C6A92EBF}.AppStore|iPhone.ActiveCfg = Release|x64
		{E227C8E2-7641-49EB-B170-C758C6A92EBF}.AppStore|iPhone.Build.0 = Release|x64
		{E227C8E2-7641-49EB-B170-C758C6A92EBF}.AppStore|iPhone.Deploy.0 = Release|x64
		{E227C8E2-7641-49EB-B170-C758C6A92EBF}.AppStore|iPhoneSimulator.ActiveCfg = Release|x64
		{E227C8E2-7641-49EB-B170-C758C6A92EBF}.AppStore|iPhoneSimulator.Build.0 = Release|x64
		{E227C8E2-7641-49EB-B170-C758C6A92EBF}.AppStore|iPhoneSimulator.Deploy.0 = Release|x64
		{E227C8E2-7641-49EB-B170-C758C6A92EBF}.AppStore|x64.ActiveCfg = Release|x64
		{E227C8E2-7641-49EB-B170-C758C6A92EBF}.AppStore|x64.Build.0 = Release|x64
		{E227C8E2-7641-49EB-B170-C758C6A92EBF}.AppStore|x64.Deploy.0 = Release|x64
		{E227C8E2-7641-49EB-B170-C758C6A92EBF}.AppStore|x86.ActiveCfg = Release|x86
		{E227C8E2-7641-49EB-B170-C758C6A92EBF}.AppStore|x86.Build.0 = Release|x86
		{E227C8E2-7641-49EB-B170-C758C6A92EBF}.AppStore|x86.Deploy.0 = Release|x86
		{E227C8E2-7641-49EB-B170-C758C6A92EBF}.Debug|Any CPU.ActiveCfg = Debug|x86
		{E227C8E2-7641-49EB-B170-C758C6A92EBF}.Debug|Any CPU.Build.0 = Debug|x86
		{E227C8E2-7641-49EB-B170-C758C6A92EBF}.Debug|Any CPU.Deploy.0 = Debug|x86
		{E227C8E2-7641-49EB-B170-C758C6A92EBF}.Debug|ARM.ActiveCfg = Debug|ARM
		{E227C8E2-7641-49EB-B170-C758C6A92EBF}.Debug|ARM.Build.0 = Debug|ARM
		{E227C8E2-7641-49EB-B170-C758C6A92EBF}.Debug|ARM.Deploy.0 = Debug|ARM
		{E227C8E2-7641-49EB-B170-C758C6A92EBF}.Debug|iPhone.ActiveCfg = Debug|x86
		{E227C8E2-7641-49EB-B170-C758C6A92EBF}.Debug|iPhoneSimulator.ActiveCfg = Debug|x86
		{E227C8E2-7641-49EB-B170-C758C6A92EBF}.Debug|x64.ActiveCfg = Debug|x64
		{E227C8E2-7641-49EB-B170-C758C6A92EBF}.Debug|x64.Build.0 = Debug|x64
		{E227C8E2-7641-49EB-B170-C758C6A92EBF}.Debug|x64.Deploy.0 = Debug|x64
		{E227C8E2-7641-49EB-B170-C758C6A92EBF}.Debug|x86.ActiveCfg = Debug|x86
		{E227C8E2-7641-49EB-B170-C758C6A92EBF}.Debug|x86.Build.0 = Debug|x86
		{E227C8E2-7641-49EB-B170-C758C6A92EBF}.Debug|x86.Deploy.0 = Debug|x86
		{E227C8E2-7641-49EB-B170-C758C6A92EBF}.Release|Any CPU.ActiveCfg = Release|x86
		{E227C8E2-7641-49EB-B170-C758C6A92EBF}.Release|ARM.ActiveCfg = Release|ARM
		{E227C8E2-7641-49EB-B170-C758C6A92EBF}.Release|ARM.Build.0 = Release|ARM
		{E227C8E2-7641-49EB-B170-C758C6A92EBF}.Release|ARM.Deploy.0 = Release|ARM
		{E227C8E2-7641-49EB-B170-C758C6A92EBF}.Release|iPhone.ActiveCfg = Release|x86
		{E227C8E2-7641-49EB-B170-C758C6A92EBF}.Release|iPhoneSimulator.ActiveCfg = Release|x86
		{E227C8E2-7641-49EB-B170-C758C6A92EBF}.Release|x64.ActiveCfg = Release|x64
		{E227C8E2-7641-49EB-B170-C758C6A92EBF}.Release|x64.Build.0 = Release|x64
		{E227C8E2-7641-49EB-B170-C758C6A92EBF}.Release|x64.Deploy.0 = Release|x64
		{E227C8E2-7641-49EB-B170-C758C6A92EBF}.Release|x86.ActiveCfg = Release|x86
		{E227C8E2-7641-49EB-B170-C758C6A92EBF}.Release|x86.Build.0 = Release|x86
		{E227C8E2-7641-49EB-B170-C758C6A92EBF}.Release|x86.Deploy.0 = Release|x86
		{1AEF05F3-709A-4244-AF4E-75BF74602E24}.Ad-Hoc|Any CPU.ActiveCfg = Release|Any CPU
		{1AEF05F3-709A-4244-AF4E-75BF74602E24}.Ad-Hoc|Any CPU.Build.0 = Release|Any CPU
		{1AEF05F3-709A-4244-AF4E-75BF74602E24}.Ad-Hoc|Any CPU.Deploy.0 = Release|Any CPU
		{1AEF05F3-709A-4244-AF4E-75BF74602E24}.Ad-Hoc|ARM.ActiveCfg = Release|Any CPU
		{1AEF05F3-709A-4244-AF4E-75BF74602E24}.Ad-Hoc|ARM.Build.0 = Release|Any CPU
		{1AEF05F3-709A-4244-AF4E-75BF74602E24}.Ad-Hoc|ARM.Deploy.0 = Release|Any CPU
		{1AEF05F3-709A-4244-AF4E-75BF74602E24}.Ad-Hoc|iPhone.ActiveCfg = Release|Any CPU
		{1AEF05F3-709A-4244-AF4E-75BF74602E24}.Ad-Hoc|iPhone.Build.0 = Release|Any CPU
		{1AEF05F3-709A-4244-AF4E-75BF74602E24}.Ad-Hoc|iPhone.Deploy.0 = Release|Any CPU
		{1AEF05F3-709A-4244-AF4E-75BF74602E24}.Ad-Hoc|iPhoneSimulator.ActiveCfg = Release|Any CPU
		{1AEF05F3-709A-4244-AF4E-75BF74602E24}.Ad-Hoc|iPhoneSimulator.Build.0 = Release|Any CPU
		{1AEF05F3-709A-4244-AF4E-75BF74602E24}.Ad-Hoc|iPhoneSimulator.Deploy.0 = Release|Any CPU
		{1AEF05F3-709A-4244-AF4E-75BF74602E24}.Ad-Hoc|x64.ActiveCfg = Release|Any CPU
		{1AEF05F3-709A-4244-AF4E-75BF74602E24}.Ad-Hoc|x64.Build.0 = Release|Any CPU
		{1AEF05F3-709A-4244-AF4E-75BF74602E24}.Ad-Hoc|x64.Deploy.0 = Release|Any CPU
		{1AEF05F3-709A-4244-AF4E-75BF74602E24}.Ad-Hoc|x86.ActiveCfg = Release|Any CPU
		{1AEF05F3-709A-4244-AF4E-75BF74602E24}.Ad-Hoc|x86.Build.0 = Release|Any CPU
		{1AEF05F3-709A-4244-AF4E-75BF74602E24}.Ad-Hoc|x86.Deploy.0 = Release|Any CPU
		{1AEF05F3-709A-4244-AF4E-75BF74602E24}.AppStore|Any CPU.ActiveCfg = Release|Any CPU
		{1AEF05F3-709A-4244-AF4E-75BF74602E24}.AppStore|Any CPU.Build.0 = Release|Any CPU
		{1AEF05F3-709A-4244-AF4E-75BF74602E24}.AppStore|Any CPU.Deploy.0 = Release|Any CPU
		{1AEF05F3-709A-4244-AF4E-75BF74602E24}.AppStore|ARM.ActiveCfg = Release|Any CPU
		{1AEF05F3-709A-4244-AF4E-75BF74602E24}.AppStore|ARM.Build.0 = Release|Any CPU
		{1AEF05F3-709A-4244-AF4E-75BF74602E24}.AppStore|ARM.Deploy.0 = Release|Any CPU
		{1AEF05F3-709A-4244-AF4E-75BF74602E24}.AppStore|iPhone.ActiveCfg = Release|Any CPU
		{1AEF05F3-709A-4244-AF4E-75BF74602E24}.AppStore|iPhone.Build.0 = Release|Any CPU
		{1AEF05F3-709A-4244-AF4E-75BF74602E24}.AppStore|iPhone.Deploy.0 = Release|Any CPU
		{1AEF05F3-709A-4244-AF4E-75BF74602E24}.AppStore|iPhoneSimulator.ActiveCfg = Release|Any CPU
		{1AEF05F3-709A-4244-AF4E-75BF74602E24}.AppStore|iPhoneSimulator.Build.0 = Release|Any CPU
		{1AEF05F3-709A-4244-AF4E-75BF74602E24}.AppStore|iPhoneSimulator.Deploy.0 = Release|Any CPU
		{1AEF05F3-709A-4244-AF4E-75BF74602E24}.AppStore|x64.ActiveCfg = Release|Any CPU
		{1AEF05F3-709A-4244-AF4E-75BF74602E24}.AppStore|x64.Build.0 = Release|Any CPU
		{1AEF05F3-709A-4244-AF4E-75BF74602E24}.AppStore|x64.Deploy.0 = Release|Any CPU
		{1AEF05F3-709A-4244-AF4E-75BF74602E24}.AppStore|x86.ActiveCfg = Release|Any CPU
		{1AEF05F3-709A-4244-AF4E-75BF74602E24}.AppStore|x86.Build.0 = Release|Any CPU
		{1AEF05F3-709A-4244-AF4E-75BF74602E24}.AppStore|x86.Deploy.0 = Release|Any CPU
		{1AEF05F3-709A-4244-AF4E-75BF74602E24}.Debug|Any CPU.ActiveCfg = Debug|Any CPU
		{1AEF05F3-709A-4244-AF4E-75BF74602E24}.Debug|Any CPU.Build.0 = Debug|Any CPU
		{1AEF05F3-709A-4244-AF4E-75BF74602E24}.Debug|Any CPU.Deploy.0 = Debug|Any CPU
		{1AEF05F3-709A-4244-AF4E-75BF74602E24}.Debug|ARM.ActiveCfg = Debug|Any CPU
		{1AEF05F3-709A-4244-AF4E-75BF74602E24}.Debug|ARM.Build.0 = Debug|Any CPU
		{1AEF05F3-709A-4244-AF4E-75BF74602E24}.Debug|ARM.Deploy.0 = Debug|Any CPU
		{1AEF05F3-709A-4244-AF4E-75BF74602E24}.Debug|iPhone.ActiveCfg = Debug|Any CPU
		{1AEF05F3-709A-4244-AF4E-75BF74602E24}.Debug|iPhone.Build.0 = Debug|Any CPU
		{1AEF05F3-709A-4244-AF4E-75BF74602E24}.Debug|iPhone.Deploy.0 = Debug|Any CPU
		{1AEF05F3-709A-4244-AF4E-75BF74602E24}.Debug|iPhoneSimulator.ActiveCfg = Debug|Any CPU
		{1AEF05F3-709A-4244-AF4E-75BF74602E24}.Debug|iPhoneSimulator.Build.0 = Debug|Any CPU
		{1AEF05F3-709A-4244-AF4E-75BF74602E24}.Debug|iPhoneSimulator.Deploy.0 = Debug|Any CPU
		{1AEF05F3-709A-4244-AF4E-75BF74602E24}.Debug|x64.ActiveCfg = Debug|Any CPU
		{1AEF05F3-709A-4244-AF4E-75BF74602E24}.Debug|x64.Build.0 = Debug|Any CPU
		{1AEF05F3-709A-4244-AF4E-75BF74602E24}.Debug|x64.Deploy.0 = Debug|Any CPU
		{1AEF05F3-709A-4244-AF4E-75BF74602E24}.Debug|x86.ActiveCfg = Debug|Any CPU
		{1AEF05F3-709A-4244-AF4E-75BF74602E24}.Debug|x86.Build.0 = Debug|Any CPU
		{1AEF05F3-709A-4244-AF4E-75BF74602E24}.Debug|x86.Deploy.0 = Debug|Any CPU
		{1AEF05F3-709A-4244-AF4E-75BF74602E24}.Release|Any CPU.ActiveCfg = Release|Any CPU
		{1AEF05F3-709A-4244-AF4E-75BF74602E24}.Release|Any CPU.Build.0 = Release|Any CPU
		{1AEF05F3-709A-4244-AF4E-75BF74602E24}.Release|Any CPU.Deploy.0 = Release|Any CPU
		{1AEF05F3-709A-4244-AF4E-75BF74602E24}.Release|ARM.ActiveCfg = Release|Any CPU
		{1AEF05F3-709A-4244-AF4E-75BF74602E24}.Release|ARM.Build.0 = Release|Any CPU
		{1AEF05F3-709A-4244-AF4E-75BF74602E24}.Release|ARM.Deploy.0 = Release|Any CPU
		{1AEF05F3-709A-4244-AF4E-75BF74602E24}.Release|iPhone.ActiveCfg = Release|Any CPU
		{1AEF05F3-709A-4244-AF4E-75BF74602E24}.Release|iPhone.Build.0 = Release|Any CPU
		{1AEF05F3-709A-4244-AF4E-75BF74602E24}.Release|iPhone.Deploy.0 = Release|Any CPU
		{1AEF05F3-709A-4244-AF4E-75BF74602E24}.Release|iPhoneSimulator.ActiveCfg = Release|Any CPU
		{1AEF05F3-709A-4244-AF4E-75BF74602E24}.Release|iPhoneSimulator.Build.0 = Release|Any CPU
		{1AEF05F3-709A-4244-AF4E-75BF74602E24}.Release|iPhoneSimulator.Deploy.0 = Release|Any CPU
		{1AEF05F3-709A-4244-AF4E-75BF74602E24}.Release|x64.ActiveCfg = Release|Any CPU
		{1AEF05F3-709A-4244-AF4E-75BF74602E24}.Release|x64.Build.0 = Release|Any CPU
		{1AEF05F3-709A-4244-AF4E-75BF74602E24}.Release|x64.Deploy.0 = Release|Any CPU
		{1AEF05F3-709A-4244-AF4E-75BF74602E24}.Release|x86.ActiveCfg = Release|Any CPU
		{1AEF05F3-709A-4244-AF4E-75BF74602E24}.Release|x86.Build.0 = Release|Any CPU
		{1AEF05F3-709A-4244-AF4E-75BF74602E24}.Release|x86.Deploy.0 = Release|Any CPU
		{52009EDD-A006-4356-8B75-8EA7F6E1C90D}.Ad-Hoc|Any CPU.ActiveCfg = Ad-Hoc|iPhone
		{52009EDD-A006-4356-8B75-8EA7F6E1C90D}.Ad-Hoc|ARM.ActiveCfg = Ad-Hoc|iPhone
		{52009EDD-A006-4356-8B75-8EA7F6E1C90D}.Ad-Hoc|iPhone.ActiveCfg = Ad-Hoc|iPhone
		{52009EDD-A006-4356-8B75-8EA7F6E1C90D}.Ad-Hoc|iPhone.Build.0 = Ad-Hoc|iPhone
		{52009EDD-A006-4356-8B75-8EA7F6E1C90D}.Ad-Hoc|iPhoneSimulator.ActiveCfg = Ad-Hoc|iPhoneSimulator
		{52009EDD-A006-4356-8B75-8EA7F6E1C90D}.Ad-Hoc|iPhoneSimulator.Build.0 = Ad-Hoc|iPhoneSimulator
		{52009EDD-A006-4356-8B75-8EA7F6E1C90D}.Ad-Hoc|x64.ActiveCfg = Ad-Hoc|iPhone
		{52009EDD-A006-4356-8B75-8EA7F6E1C90D}.Ad-Hoc|x86.ActiveCfg = Ad-Hoc|iPhone
		{52009EDD-A006-4356-8B75-8EA7F6E1C90D}.AppStore|Any CPU.ActiveCfg = AppStore|iPhone
		{52009EDD-A006-4356-8B75-8EA7F6E1C90D}.AppStore|ARM.ActiveCfg = AppStore|iPhone
		{52009EDD-A006-4356-8B75-8EA7F6E1C90D}.AppStore|iPhone.ActiveCfg = AppStore|iPhone
		{52009EDD-A006-4356-8B75-8EA7F6E1C90D}.AppStore|iPhone.Build.0 = AppStore|iPhone
		{52009EDD-A006-4356-8B75-8EA7F6E1C90D}.AppStore|iPhoneSimulator.ActiveCfg = AppStore|iPhoneSimulator
		{52009EDD-A006-4356-8B75-8EA7F6E1C90D}.AppStore|iPhoneSimulator.Build.0 = AppStore|iPhoneSimulator
		{52009EDD-A006-4356-8B75-8EA7F6E1C90D}.AppStore|x64.ActiveCfg = AppStore|iPhone
		{52009EDD-A006-4356-8B75-8EA7F6E1C90D}.AppStore|x86.ActiveCfg = AppStore|iPhone
		{52009EDD-A006-4356-8B75-8EA7F6E1C90D}.Debug|Any CPU.ActiveCfg = Debug|iPhone
		{52009EDD-A006-4356-8B75-8EA7F6E1C90D}.Debug|ARM.ActiveCfg = Debug|iPhone
		{52009EDD-A006-4356-8B75-8EA7F6E1C90D}.Debug|iPhone.ActiveCfg = Debug|iPhone
		{52009EDD-A006-4356-8B75-8EA7F6E1C90D}.Debug|iPhone.Build.0 = Debug|iPhone
		{52009EDD-A006-4356-8B75-8EA7F6E1C90D}.Debug|iPhoneSimulator.ActiveCfg = Debug|iPhoneSimulator
		{52009EDD-A006-4356-8B75-8EA7F6E1C90D}.Debug|iPhoneSimulator.Build.0 = Debug|iPhoneSimulator
		{52009EDD-A006-4356-8B75-8EA7F6E1C90D}.Debug|x64.ActiveCfg = Debug|iPhone
		{52009EDD-A006-4356-8B75-8EA7F6E1C90D}.Debug|x86.ActiveCfg = Debug|iPhone
		{52009EDD-A006-4356-8B75-8EA7F6E1C90D}.Release|Any CPU.ActiveCfg = Release|iPhone
		{52009EDD-A006-4356-8B75-8EA7F6E1C90D}.Release|ARM.ActiveCfg = Release|iPhone
		{52009EDD-A006-4356-8B75-8EA7F6E1C90D}.Release|iPhone.ActiveCfg = Release|iPhone
		{52009EDD-A006-4356-8B75-8EA7F6E1C90D}.Release|iPhone.Build.0 = Release|iPhone
		{52009EDD-A006-4356-8B75-8EA7F6E1C90D}.Release|iPhoneSimulator.ActiveCfg = Release|iPhoneSimulator
		{52009EDD-A006-4356-8B75-8EA7F6E1C90D}.Release|iPhoneSimulator.Build.0 = Release|iPhoneSimulator
		{52009EDD-A006-4356-8B75-8EA7F6E1C90D}.Release|x64.ActiveCfg = Release|iPhone
		{52009EDD-A006-4356-8B75-8EA7F6E1C90D}.Release|x86.ActiveCfg = Release|iPhone
		{EC932E4D-EAF7-4C9F-BF6B-07AAACE3026F}.Ad-Hoc|Any CPU.ActiveCfg = Debug|Any CPU
		{EC932E4D-EAF7-4C9F-BF6B-07AAACE3026F}.Ad-Hoc|Any CPU.Build.0 = Debug|Any CPU
		{EC932E4D-EAF7-4C9F-BF6B-07AAACE3026F}.Ad-Hoc|ARM.ActiveCfg = Debug|Any CPU
		{EC932E4D-EAF7-4C9F-BF6B-07AAACE3026F}.Ad-Hoc|ARM.Build.0 = Debug|Any CPU
		{EC932E4D-EAF7-4C9F-BF6B-07AAACE3026F}.Ad-Hoc|iPhone.ActiveCfg = Debug|Any CPU
		{EC932E4D-EAF7-4C9F-BF6B-07AAACE3026F}.Ad-Hoc|iPhone.Build.0 = Debug|Any CPU
		{EC932E4D-EAF7-4C9F-BF6B-07AAACE3026F}.Ad-Hoc|iPhoneSimulator.ActiveCfg = Debug|Any CPU
		{EC932E4D-EAF7-4C9F-BF6B-07AAACE3026F}.Ad-Hoc|iPhoneSimulator.Build.0 = Debug|Any CPU
		{EC932E4D-EAF7-4C9F-BF6B-07AAACE3026F}.Ad-Hoc|x64.ActiveCfg = Debug|Any CPU
		{EC932E4D-EAF7-4C9F-BF6B-07AAACE3026F}.Ad-Hoc|x64.Build.0 = Debug|Any CPU
		{EC932E4D-EAF7-4C9F-BF6B-07AAACE3026F}.Ad-Hoc|x86.ActiveCfg = Debug|Any CPU
		{EC932E4D-EAF7-4C9F-BF6B-07AAACE3026F}.Ad-Hoc|x86.Build.0 = Debug|Any CPU
		{EC932E4D-EAF7-4C9F-BF6B-07AAACE3026F}.AppStore|Any CPU.ActiveCfg = Debug|Any CPU
		{EC932E4D-EAF7-4C9F-BF6B-07AAACE3026F}.AppStore|Any CPU.Build.0 = Debug|Any CPU
		{EC932E4D-EAF7-4C9F-BF6B-07AAACE3026F}.AppStore|ARM.ActiveCfg = Debug|Any CPU
		{EC932E4D-EAF7-4C9F-BF6B-07AAACE3026F}.AppStore|ARM.Build.0 = Debug|Any CPU
		{EC932E4D-EAF7-4C9F-BF6B-07AAACE3026F}.AppStore|iPhone.ActiveCfg = Debug|Any CPU
		{EC932E4D-EAF7-4C9F-BF6B-07AAACE3026F}.AppStore|iPhone.Build.0 = Debug|Any CPU
		{EC932E4D-EAF7-4C9F-BF6B-07AAACE3026F}.AppStore|iPhoneSimulator.ActiveCfg = Debug|Any CPU
		{EC932E4D-EAF7-4C9F-BF6B-07AAACE3026F}.AppStore|iPhoneSimulator.Build.0 = Debug|Any CPU
		{EC932E4D-EAF7-4C9F-BF6B-07AAACE3026F}.AppStore|x64.ActiveCfg = Debug|Any CPU
		{EC932E4D-EAF7-4C9F-BF6B-07AAACE3026F}.AppStore|x64.Build.0 = Debug|Any CPU
		{EC932E4D-EAF7-4C9F-BF6B-07AAACE3026F}.AppStore|x86.ActiveCfg = Debug|Any CPU
		{EC932E4D-EAF7-4C9F-BF6B-07AAACE3026F}.AppStore|x86.Build.0 = Debug|Any CPU
		{EC932E4D-EAF7-4C9F-BF6B-07AAACE3026F}.Debug|Any CPU.ActiveCfg = Debug|Any CPU
		{EC932E4D-EAF7-4C9F-BF6B-07AAACE3026F}.Debug|Any CPU.Build.0 = Debug|Any CPU
		{EC932E4D-EAF7-4C9F-BF6B-07AAACE3026F}.Debug|ARM.ActiveCfg = Debug|Any CPU
		{EC932E4D-EAF7-4C9F-BF6B-07AAACE3026F}.Debug|ARM.Build.0 = Debug|Any CPU
		{EC932E4D-EAF7-4C9F-BF6B-07AAACE3026F}.Debug|iPhone.ActiveCfg = Debug|Any CPU
		{EC932E4D-EAF7-4C9F-BF6B-07AAACE3026F}.Debug|iPhone.Build.0 = Debug|Any CPU
		{EC932E4D-EAF7-4C9F-BF6B-07AAACE3026F}.Debug|iPhoneSimulator.ActiveCfg = Debug|Any CPU
		{EC932E4D-EAF7-4C9F-BF6B-07AAACE3026F}.Debug|iPhoneSimulator.Build.0 = Debug|Any CPU
		{EC932E4D-EAF7-4C9F-BF6B-07AAACE3026F}.Debug|x64.ActiveCfg = Debug|Any CPU
		{EC932E4D-EAF7-4C9F-BF6B-07AAACE3026F}.Debug|x64.Build.0 = Debug|Any CPU
		{EC932E4D-EAF7-4C9F-BF6B-07AAACE3026F}.Debug|x86.ActiveCfg = Debug|Any CPU
		{EC932E4D-EAF7-4C9F-BF6B-07AAACE3026F}.Debug|x86.Build.0 = Debug|Any CPU
		{EC932E4D-EAF7-4C9F-BF6B-07AAACE3026F}.Release|Any CPU.ActiveCfg = Release|Any CPU
		{EC932E4D-EAF7-4C9F-BF6B-07AAACE3026F}.Release|Any CPU.Build.0 = Release|Any CPU
		{EC932E4D-EAF7-4C9F-BF6B-07AAACE3026F}.Release|ARM.ActiveCfg = Release|Any CPU
		{EC932E4D-EAF7-4C9F-BF6B-07AAACE3026F}.Release|ARM.Build.0 = Release|Any CPU
		{EC932E4D-EAF7-4C9F-BF6B-07AAACE3026F}.Release|iPhone.ActiveCfg = Release|Any CPU
		{EC932E4D-EAF7-4C9F-BF6B-07AAACE3026F}.Release|iPhone.Build.0 = Release|Any CPU
		{EC932E4D-EAF7-4C9F-BF6B-07AAACE3026F}.Release|iPhoneSimulator.ActiveCfg = Release|Any CPU
		{EC932E4D-EAF7-4C9F-BF6B-07AAACE3026F}.Release|iPhoneSimulator.Build.0 = Release|Any CPU
		{EC932E4D-EAF7-4C9F-BF6B-07AAACE3026F}.Release|x64.ActiveCfg = Release|Any CPU
		{EC932E4D-EAF7-4C9F-BF6B-07AAACE3026F}.Release|x64.Build.0 = Release|Any CPU
		{EC932E4D-EAF7-4C9F-BF6B-07AAACE3026F}.Release|x86.ActiveCfg = Release|Any CPU
		{EC932E4D-EAF7-4C9F-BF6B-07AAACE3026F}.Release|x86.Build.0 = Release|Any CPU
	EndGlobalSection
	GlobalSection(SolutionProperties) = preSolution
		HideSolutionNode = FALSE
	EndGlobalSection
	GlobalSection(NestedProjects) = preSolution
		{1AEF05F3-709A-4244-AF4E-75BF74602E24} = {4BAFF62B-F018-4E87-B2DE-667F840FA093}
		{52009EDD-A006-4356-8B75-8EA7F6E1C90D} = {4BAFF62B-F018-4E87-B2DE-667F840FA093}
		{EC932E4D-EAF7-4C9F-BF6B-07AAACE3026F} = {4BAFF62B-F018-4E87-B2DE-667F840FA093}
	EndGlobalSection
	GlobalSection(ExtensibilityGlobals) = postSolution
		SolutionGuid = {1E6C25B9-338D-4544-B28D-F50B6EF2B20E}
	EndGlobalSection
EndGlobal
